
Microsoft Visual Studio Solution File, Format Version 12.00
# Visual Studio Version 16
VisualStudioVersion = 16.0.32407.337
MinimumVisualStudioVersion = 10.0.40219.1
Project("{FAE04EC0-301F-11D3-BF4B-00C04F79EFBC}") = "Aplicacao", "Teste\Aplicacao.csproj", "{77A3DEBB-7378-494D-B457-008C808525FB}"
EndProject
Project("{FAE04EC0-301F-11D3-BF4B-00C04F79EFBC}") = "Entities", "Entities\Entities.csproj", "{19272309-1A16-4AB2-B47A-F59DCDE94017}"
EndProject
Project("{FAE04EC0-301F-11D3-BF4B-00C04F79EFBC}") = "Services", "Services\Services.csproj", "{00296874-E6EE-471D-8FA1-1E15201969E1}"
EndProject
Global
	GlobalSection(SolutionConfigurationPlatforms) = preSolution
		Debug|Any CPU = Debug|Any CPU
		Release|Any CPU = Release|Any CPU
	EndGlobalSection
	GlobalSection(ProjectConfigurationPlatforms) = postSolution
		{77A3DEBB-7378-494D-B457-008C808525FB}.Debug|Any CPU.ActiveCfg = Debug|Any CPU
		{77A3DEBB-7378-494D-B457-008C808525FB}.Debug|Any CPU.Build.0 = Debug|Any CPU
		{77A3DEBB-7378-494D-B457-008C808525FB}.Release|Any CPU.ActiveCfg = Release|Any CPU
		{77A3DEBB-7378-494D-B457-008C808525FB}.Release|Any CPU.Build.0 = Release|Any CPU
		{19272309-1A16-4AB2-B47A-F59DCDE94017}.Debug|Any CPU.ActiveCfg = Debug|Any CPU
		{19272309-1A16-4AB2-B47A-F59DCDE94017}.Debug|Any CPU.Build.0 = Debug|Any CPU
		{19272309-1A16-4AB2-B47A-F59DCDE94017}.Release|Any CPU.ActiveCfg = Release|Any CPU
		{19272309-1A16-4AB2-B47A-F59DCDE94017}.Release|Any CPU.Build.0 = Release|Any CPU
		{00296874-E6EE-471D-8FA1-1E15201969E1}.Debug|Any CPU.ActiveCfg = Debug|Any CPU
		{00296874-E6EE-471D-8FA1-1E15201969E1}.Debug|Any CPU.Build.0 = Debug|Any CPU
		{00296874-E6EE-471D-8FA1-1E15201969E1}.Release|Any CPU.ActiveCfg = Release|Any CPU
		{00296874-E6EE-471D-8FA1-1E15201969E1}.Release|Any CPU.Build.0 = Release|Any CPU
	EndGlobalSection
	GlobalSection(SolutionProperties) = preSolution
		HideSolutionNode = FALSE
	EndGlobalSection
	GlobalSection(ExtensibilityGlobals) = postSolution
		SolutionGuid = {DB7F1354-824A-49B2-85A5-592465F35274}
	EndGlobalSection
EndGlobal
